
Microsoft Visual Studio Solution File, Format Version 12.00
# Visual Studio 15
Project("{FAE04EC0-301F-11D3-BF4B-00C04F79EFBC}") = "Assembly-CSharp-Editor", "Assembly-CSharp-Editor.csproj", "{03547764-85E3-9015-0FAF-BE4BAC6F6DC6}"
EndProject
Project("{FAE04EC0-301F-11D3-BF4B-00C04F79EFBC}") = "Assembly-CSharp", "Assembly-CSharp.csproj", "{E121616F-AC42-1C5E-24C8-CDD2A87EED80}"
EndProject
Global
	GlobalSection(SolutionConfigurationPlatforms) = preSolution
		Debug|Any CPU = Debug|Any CPU
		Release|Any CPU = Release|Any CPU
	EndGlobalSection
	GlobalSection(ProjectConfigurationPlatforms) = postSolution
		{03547764-85E3-9015-0FAF-BE4BAC6F6DC6}.Debug|Any CPU.ActiveCfg = Debug|Any CPU
		{03547764-85E3-9015-0FAF-BE4BAC6F6DC6}.Debug|Any CPU.Build.0 = Debug|Any CPU
		{03547764-85E3-9015-0FAF-BE4BAC6F6DC6}.Release|Any CPU.ActiveCfg = Release|Any CPU
		{03547764-85E3-9015-0FAF-BE4BAC6F6DC6}.Release|Any CPU.Build.0 = Release|Any CPU
		{E121616F-AC42-1C5E-24C8-CDD2A87EED80}.Debug|Any CPU.ActiveCfg = Debug|Any CPU
		{E121616F-AC42-1C5E-24C8-CDD2A87EED80}.Debug|Any CPU.Build.0 = Debug|Any CPU
		{E121616F-AC42-1C5E-24C8-CDD2A87EED80}.Release|Any CPU.ActiveCfg = Release|Any CPU
		{E121616F-AC42-1C5E-24C8-CDD2A87EED80}.Release|Any CPU.Build.0 = Release|Any CPU
	EndGlobalSection
	GlobalSection(SolutionProperties) = preSolution
		HideSolutionNode = FALSE
	EndGlobalSection
EndGlobal
